
Microsoft Visual Studio Solution File, Format Version 12.00
# Visual Studio 15
VisualStudioVersion = 15.0.28307.902
MinimumVisualStudioVersion = 10.0.40219.1
Project("{FAE04EC0-301F-11D3-BF4B-00C04F79EFBC}") = "Test1", "Test1\Test1.csproj", "{2EFFBB8B-923A-467D-AE2C-5815196A0446}"
EndProject
Project("{FAE04EC0-301F-11D3-BF4B-00C04F79EFBC}") = "Test1.API", "Test1.API\Test1.API.csproj", "{0B37B15D-1188-4C67-B15C-97F8AB3BE006}"
EndProject
Global
	GlobalSection(SolutionConfigurationPlatforms) = preSolution
		Debug|Any CPU = Debug|Any CPU
		Release|Any CPU = Release|Any CPU
	EndGlobalSection
	GlobalSection(ProjectConfigurationPlatforms) = postSolution
		{2EFFBB8B-923A-467D-AE2C-5815196A0446}.Debug|Any CPU.ActiveCfg = Debug|Any CPU
		{2EFFBB8B-923A-467D-AE2C-5815196A0446}.Debug|Any CPU.Build.0 = Debug|Any CPU
		{2EFFBB8B-923A-467D-AE2C-5815196A0446}.Release|Any CPU.ActiveCfg = Release|Any CPU
		{2EFFBB8B-923A-467D-AE2C-5815196A0446}.Release|Any CPU.Build.0 = Release|Any CPU
		{0B37B15D-1188-4C67-B15C-97F8AB3BE006}.Debug|Any CPU.ActiveCfg = Debug|Any CPU
		{0B37B15D-1188-4C67-B15C-97F8AB3BE006}.Debug|Any CPU.Build.0 = Debug|Any CPU
		{0B37B15D-1188-4C67-B15C-97F8AB3BE006}.Release|Any CPU.ActiveCfg = Release|Any CPU
		{0B37B15D-1188-4C67-B15C-97F8AB3BE006}.Release|Any CPU.Build.0 = Release|Any CPU
	EndGlobalSection
	GlobalSection(SolutionProperties) = preSolution
		HideSolutionNode = FALSE
	EndGlobalSection
	GlobalSection(ExtensibilityGlobals) = postSolution
		SolutionGuid = {F44BA3D1-F0A9-4F7A-A7E1-3D7F3F288A08}
	EndGlobalSection
EndGlobal
